
Microsoft Visual Studio Solution File, Format Version 12.00
Project("{FAE04EC0-301F-11D3-BF4B-00C04F79EFBC}") = "InputCodeGenerator", "InputCodeGenerator\InputCodeGenerator.csproj", "{E57B67A2-C490-4A29-8AE8-0B941F6D06A8}"
EndProject
Project("{FAE04EC0-301F-11D3-BF4B-00C04F79EFBC}") = "InputGenerator", "InputGenerator\InputGenerator.csproj", "{9DFB099A-BB51-4DD5-9ABB-3686B06A5219}"
EndProject
Global
	GlobalSection(SolutionConfigurationPlatforms) = preSolution
		Debug|Any CPU = Debug|Any CPU
		Release|Any CPU = Release|Any CPU
	EndGlobalSection
	GlobalSection(ProjectConfigurationPlatforms) = postSolution
		{E57B67A2-C490-4A29-8AE8-0B941F6D06A8}.Debug|Any CPU.ActiveCfg = Debug|Any CPU
		{E57B67A2-C490-4A29-8AE8-0B941F6D06A8}.Debug|Any CPU.Build.0 = Debug|Any CPU
		{E57B67A2-C490-4A29-8AE8-0B941F6D06A8}.Release|Any CPU.ActiveCfg = Release|Any CPU
		{E57B67A2-C490-4A29-8AE8-0B941F6D06A8}.Release|Any CPU.Build.0 = Release|Any CPU
		{9DFB099A-BB51-4DD5-9ABB-3686B06A5219}.Debug|Any CPU.ActiveCfg = Debug|Any CPU
		{9DFB099A-BB51-4DD5-9ABB-3686B06A5219}.Debug|Any CPU.Build.0 = Debug|Any CPU
		{9DFB099A-BB51-4DD5-9ABB-3686B06A5219}.Release|Any CPU.ActiveCfg = Release|Any CPU
		{9DFB099A-BB51-4DD5-9ABB-3686B06A5219}.Release|Any CPU.Build.0 = Release|Any CPU
	EndGlobalSection
EndGlobal
